{
  "object": {
    "pins": [
      {
        "package": "SwiftTerm",
        "repositoryURL": "https://github.com/migueldeicaza/SwiftTerm.git",
        "state": {
          "branch": "main",
          "revision": "b7e6c6a2169ceafac356c9b52e81aab848cbfac0",
          "version": null
        }
      }
    ]
  },
  "version": 1
}
