{
  "object": {
    "pins": [
      {
        "package": "Libssh2Prebuild",
        "repositoryURL": "https://github.com/DimaRU/Libssh2Prebuild.git",
        "state": {
          "branch": null,
          "revision": "631d39784b593505a1b37341cda80055363bc753",
          "version": "1.9.0+OpenSSL_1_1_1h"
        }
      },
      {
        "package": "SwiftSH",
        "repositoryURL": "https://github.com/migueldeicaza/SwiftSH",
        "state": {
          "branch": "master",
          "revision": "231c8dd7b7647f2d41ecacfcd49cd6a22f7f8fcb",
          "version": null
        }
      }
    ]
  },
  "version": 1
}
