// !$*UTF8*$!
{
	archiveVersion = 1;
	classes = {
	};
	objectVersion = 52;
	objects = {

/* Begin PBXBuildFile section */
		4901167624553789002C1F85 /* AppDelegate.swift in Sources */ = {isa = PBXBuildFile; fileRef = 4901167524553789002C1F85 /* AppDelegate.swift */; };
		4901167A24553789002C1F85 /* Home.swift in Sources */ = {isa = PBXBuildFile; fileRef = 4901167924553789002C1F85 /* Home.swift */; };
		4901167C2455378A002C1F85 /* Assets.xcassets in Resources */ = {isa = PBXBuildFile; fileRef = 4901167B2455378A002C1F85 /* Assets.xcassets */; };
		4901167F2455378A002C1F85 /* Preview Assets.xcassets in Resources */ = {isa = PBXBuildFile; fileRef = 4901167E2455378A002C1F85 /* Preview Assets.xcassets */; };
		490116822455378A002C1F85 /* LaunchScreen.storyboard in Resources */ = {isa = PBXBuildFile; fileRef = 490116802455378A002C1F85 /* LaunchScreen.storyboard */; };
		4901168A245540F2002C1F85 /* HostEditView.swift in Sources */ = {isa = PBXBuildFile; fileRef = 49011689245540F2002C1F85 /* HostEditView.swift */; };
		4901168C24554A51002C1F85 /* AddKeyManually.swift in Sources */ = {isa = PBXBuildFile; fileRef = 4901168B24554A51002C1F85 /* AddKeyManually.swift */; };
		4901168E2456058B002C1F85 /* KeyManagementView.swift in Sources */ = {isa = PBXBuildFile; fileRef = 4901168D2456058B002C1F85 /* KeyManagementView.swift */; };
		49011690245607F7002C1F85 /* Hosts.swift in Sources */ = {isa = PBXBuildFile; fileRef = 4901168F245607F7002C1F85 /* Hosts.swift */; };
		49011692245622C6002C1F85 /* DataStore.swift in Sources */ = {isa = PBXBuildFile; fileRef = 49011691245622C6002C1F85 /* DataStore.swift */; };
		490A187526A7BE190034B2BF /* SwiftTermApp_UITests.swift in Sources */ = {isa = PBXBuildFile; fileRef = 490A187426A7BE190034B2BF /* SwiftTermApp_UITests.swift */; };
		490A187D26AA60980034B2BF /* HostConnectionError.swift in Sources */ = {isa = PBXBuildFile; fileRef = 490A187C26AA60980034B2BF /* HostConnectionError.swift */; };
		4911B3042463AD3E00816BAA /* GenerateKey.swift in Sources */ = {isa = PBXBuildFile; fileRef = 4911B3032463AD3E00816BAA /* GenerateKey.swift */; };
		49148F99268AB0B0000AB718 /* InputKeyboard.swift in Sources */ = {isa = PBXBuildFile; fileRef = 49148F98268AB0B0000AB718 /* InputKeyboard.swift */; };
		491769B62666BE8000D32353 /* SwiftSH in Frameworks */ = {isa = PBXBuildFile; productRef = 491769B52666BE8000D32353 /* SwiftSH */; };
		4922DDAF26632E4600B7D2BE /* CSwiftSH in Frameworks */ = {isa = PBXBuildFile; productRef = 4922DDAE26632E4600B7D2BE /* CSwiftSH */; };
		4923C56627319336000CC371 /* LocationTracking.swift in Sources */ = {isa = PBXBuildFile; fileRef = 4923C56527319336000CC371 /* LocationTracking.swift */; };
		493F4F3027613F1B00838AC7 /* Session.swift in Sources */ = {isa = PBXBuildFile; fileRef = 493F4F2F27613F1B00838AC7 /* Session.swift */; };
		493F4F3227650E7800838AC7 /* Errors.swift in Sources */ = {isa = PBXBuildFile; fileRef = 493F4F3127650E7800838AC7 /* Errors.swift */; };
		493F4F34276511CE00838AC7 /* Channel.swift in Sources */ = {isa = PBXBuildFile; fileRef = 493F4F33276511CE00838AC7 /* Channel.swift */; };
		49584D83248C3BEA0081D015 /* MetalHost.swift in Sources */ = {isa = PBXBuildFile; fileRef = 49584D82248C3BEA0081D015 /* MetalHost.swift */; };
		49584D85248C3C500081D015 /* ShadersBase.metal in Sources */ = {isa = PBXBuildFile; fileRef = 49584D84248C3C500081D015 /* ShadersBase.metal */; };
		49584D87248C3C7F0081D015 /* PlasmaGlobe.metal in Sources */ = {isa = PBXBuildFile; fileRef = 49584D86248C3C7F0081D015 /* PlasmaGlobe.metal */; };
		49584D89248C3D570081D015 /* StarNest.metal in Sources */ = {isa = PBXBuildFile; fileRef = 49584D88248C3D570081D015 /* StarNest.metal */; };
		49584D8C248C41620081D015 /* MetalSwiftUI.swift in Sources */ = {isa = PBXBuildFile; fileRef = 49584D8B248C41620081D015 /* MetalSwiftUI.swift */; };
		4967B9FC2459239700A9D2A6 /* Connections.swift in Sources */ = {isa = PBXBuildFile; fileRef = 4967B9FB2459239700A9D2A6 /* Connections.swift */; };
		4967B9FE24592D0B00A9D2A6 /* SettingsView.swift in Sources */ = {isa = PBXBuildFile; fileRef = 4967B9FD24592D0B00A9D2A6 /* SettingsView.swift */; };
		4967BA0224592D3600A9D2A6 /* SessionsView.swift in Sources */ = {isa = PBXBuildFile; fileRef = 4967BA0124592D3600A9D2A6 /* SessionsView.swift */; };
		4967BA04245A7AF300A9D2A6 /* SshUtil.swift in Sources */ = {isa = PBXBuildFile; fileRef = 4967BA03245A7AF300A9D2A6 /* SshUtil.swift */; };
		4967BA07245A85F800A9D2A6 /* SwCrypt.swift in Sources */ = {isa = PBXBuildFile; fileRef = 4967BA06245A85F800A9D2A6 /* SwCrypt.swift */; };
		4973B42C24650B440087D978 /* UIViewController+SwiftUI.swift in Sources */ = {isa = PBXBuildFile; fileRef = 4973B42B24650B440087D978 /* UIViewController+SwiftUI.swift */; };
		498DC728279A09FA003EC3CC /* LibsshKnownHost.swift in Sources */ = {isa = PBXBuildFile; fileRef = 498DC727279A09FA003EC3CC /* LibsshKnownHost.swift */; };
		499D36A62656B747004E307F /* QuickLauch.swift in Sources */ = {isa = PBXBuildFile; fileRef = 499D36A52656B747004E307F /* QuickLauch.swift */; };
		499D36FD2658A093004E307F /* ConfigurableTerminal.swift in Sources */ = {isa = PBXBuildFile; fileRef = 499D36FC2658A093004E307F /* ConfigurableTerminal.swift */; };
		499D8EBA268A690600CCEF9D /* ColumnSelector.swift in Sources */ = {isa = PBXBuildFile; fileRef = 499D8EB9268A690600CCEF9D /* ColumnSelector.swift */; };
		49A0A2BE2491C792002593F7 /* LazyView.swift in Sources */ = {isa = PBXBuildFile; fileRef = 49A0A2BD2491C792002593F7 /* LazyView.swift */; };
		49A0A2C02491CDC4002593F7 /* InteractiveLogin.swift in Sources */ = {isa = PBXBuildFile; fileRef = 49A0A2BF2491CDC4002593F7 /* InteractiveLogin.swift */; };
		49A0A2C2249298BF002593F7 /* DigitalBrain.metal in Sources */ = {isa = PBXBuildFile; fileRef = 49A0A2C1249298BF002593F7 /* DigitalBrain.metal */; };
		49A4466126A3D76200A636DC /* Commands.swift in Sources */ = {isa = PBXBuildFile; fileRef = 49A4466026A3D76200A636DC /* Commands.swift */; };
		49A64C6126842A480069C7FA /* HostConnectionClosed.swift in Sources */ = {isa = PBXBuildFile; fileRef = 49A64C6026842A480069C7FA /* HostConnectionClosed.swift */; };
		49B84C53268137C700B36066 /* HostAuthUnknown.swift in Sources */ = {isa = PBXBuildFile; fileRef = 49B84C52268137C700B36066 /* HostAuthUnknown.swift */; };
		49B84C5526813F9400B36066 /* HostAuthKeyMismatch.swift in Sources */ = {isa = PBXBuildFile; fileRef = 49B84C5426813F9400B36066 /* HostAuthKeyMismatch.swift */; };
		49BA359626751B2700B63510 /* GenerateSecureEnclave.swift in Sources */ = {isa = PBXBuildFile; fileRef = 49BA359526751B2700B63510 /* GenerateSecureEnclave.swift */; };
		49BA35982676EEB600B63510 /* KeyTools.swift in Sources */ = {isa = PBXBuildFile; fileRef = 49BA35972676EEB600B63510 /* KeyTools.swift */; };
		49BA359A2676EFD200B63510 /* CreateLocalKeyButtons.swift in Sources */ = {isa = PBXBuildFile; fileRef = 49BA35992676EFD200B63510 /* CreateLocalKeyButtons.swift */; };
		49BA359C2676F15D00B63510 /* KeySummaryView.swift in Sources */ = {isa = PBXBuildFile; fileRef = 49BA359B2676F15D00B63510 /* KeySummaryView.swift */; };
		49BA35A22678471600B63510 /* Asn1Parser.swift in Sources */ = {isa = PBXBuildFile; fileRef = 49BA35A12678471600B63510 /* Asn1Parser.swift */; };
		49BA35A4267847E100B63510 /* PEMtoSSH.swift in Sources */ = {isa = PBXBuildFile; fileRef = 49BA35A3267847E100B63510 /* PEMtoSSH.swift */; };
		49BA35A626784B6B00B63510 /* Passphrase.swift in Sources */ = {isa = PBXBuildFile; fileRef = 49BA35A526784B6B00B63510 /* Passphrase.swift */; };
		49BA35E2267993E800B63510 /* DefaultHomeView.swift in Sources */ = {isa = PBXBuildFile; fileRef = 49BA35E1267993E800B63510 /* DefaultHomeView.swift */; };
		49BA35ED267BE7AB00B63510 /* HostKeysList.swift in Sources */ = {isa = PBXBuildFile; fileRef = 49BA35EC267BE7AB00B63510 /* HostKeysList.swift */; };
		49BA35F1267C3F2600B63510 /* CreditsView.swift in Sources */ = {isa = PBXBuildFile; fileRef = 49BA35F0267C3F2600B63510 /* CreditsView.swift */; };
		49C1B6AF24625C7D00D54F6F /* SwiftTerm in Frameworks */ = {isa = PBXBuildFile; productRef = 49C1B6AE24625C7D00D54F6F /* SwiftTerm */; };
		49C1B6B5246260DC00D54F6F /* TerminalViewController.swift in Sources */ = {isa = PBXBuildFile; fileRef = 49C1B6B4246260DC00D54F6F /* TerminalViewController.swift */; };
		49C1B6B72462611F00D54F6F /* SshTerminalView.swift in Sources */ = {isa = PBXBuildFile; fileRef = 49C1B6B62462611F00D54F6F /* SshTerminalView.swift */; };
		49C1B6BE24637DD500D54F6F /* ButtonColors.swift in Sources */ = {isa = PBXBuildFile; fileRef = 49C1B6BD24637DD500D54F6F /* ButtonColors.swift */; };
		49EED560245D0A0B00A8794E /* STButton.swift in Sources */ = {isa = PBXBuildFile; fileRef = 49EED55F245D0A0B00A8794E /* STButton.swift */; };
		49F02ADF24610D7A00CFEB50 /* STFilePicker.swift in Sources */ = {isa = PBXBuildFile; fileRef = 49F02ADE24610D7A00CFEB50 /* STFilePicker.swift */; };
		49F0740C2481B3ED00A83CDC /* ColorLoader.swift in Sources */ = {isa = PBXBuildFile; fileRef = 49F0740B2481B3ED00A83CDC /* ColorLoader.swift */; };
		49F0741024834B9D00A83CDC /* AppTerminalView.swift in Sources */ = {isa = PBXBuildFile; fileRef = 49F0740F24834B9D00A83CDC /* AppTerminalView.swift */; };
/* End PBXBuildFile section */

/* Begin PBXContainerItemProxy section */
		490A187626A7BE190034B2BF /* PBXContainerItemProxy */ = {
			isa = PBXContainerItemProxy;
			containerPortal = 4901166A24553789002C1F85 /* Project object */;
			proxyType = 1;
			remoteGlobalIDString = 4901167124553789002C1F85;
			remoteInfo = SwiftTermApp;
		};
/* End PBXContainerItemProxy section */

/* Begin PBXFileReference section */
		4901167224553789002C1F85 /* SwiftTermApp.app */ = {isa = PBXFileReference; explicitFileType = wrapper.application; includeInIndex = 0; path = SwiftTermApp.app; sourceTree = BUILT_PRODUCTS_DIR; };
		4901167524553789002C1F85 /* AppDelegate.swift */ = {isa = PBXFileReference; lastKnownFileType = sourcecode.swift; path = AppDelegate.swift; sourceTree = "<group>"; };
		4901167924553789002C1F85 /* Home.swift */ = {isa = PBXFileReference; lastKnownFileType = sourcecode.swift; path = Home.swift; sourceTree = "<group>"; };
		4901167B2455378A002C1F85 /* Assets.xcassets */ = {isa = PBXFileReference; lastKnownFileType = folder.assetcatalog; path = Assets.xcassets; sourceTree = "<group>"; };
		4901167E2455378A002C1F85 /* Preview Assets.xcassets */ = {isa = PBXFileReference; lastKnownFileType = folder.assetcatalog; path = "Preview Assets.xcassets"; sourceTree = "<group>"; };
		490116812455378A002C1F85 /* Base */ = {isa = PBXFileReference; lastKnownFileType = file.storyboard; name = Base; path = Base.lproj/LaunchScreen.storyboard; sourceTree = "<group>"; };
		490116832455378A002C1F85 /* Info.plist */ = {isa = PBXFileReference; lastKnownFileType = text.plist.xml; path = Info.plist; sourceTree = "<group>"; };
		49011689245540F2002C1F85 /* HostEditView.swift */ = {isa = PBXFileReference; lastKnownFileType = sourcecode.swift; path = HostEditView.swift; sourceTree = "<group>"; };
		4901168B24554A51002C1F85 /* AddKeyManually.swift */ = {isa = PBXFileReference; lastKnownFileType = sourcecode.swift; path = AddKeyManually.swift; sourceTree = "<group>"; };
		4901168D2456058B002C1F85 /* KeyManagementView.swift */ = {isa = PBXFileReference; lastKnownFileType = sourcecode.swift; path = KeyManagementView.swift; sourceTree = "<group>"; };
		4901168F245607F7002C1F85 /* Hosts.swift */ = {isa = PBXFileReference; lastKnownFileType = sourcecode.swift; path = Hosts.swift; sourceTree = "<group>"; };
		49011691245622C6002C1F85 /* DataStore.swift */ = {isa = PBXFileReference; lastKnownFileType = sourcecode.swift; path = DataStore.swift; sourceTree = "<group>"; };
		490A187226A7BE190034B2BF /* SwiftTermApp.UITests.xctest */ = {isa = PBXFileReference; explicitFileType = wrapper.cfbundle; includeInIndex = 0; path = SwiftTermApp.UITests.xctest; sourceTree = BUILT_PRODUCTS_DIR; };
		490A187426A7BE190034B2BF /* SwiftTermApp_UITests.swift */ = {isa = PBXFileReference; lastKnownFileType = sourcecode.swift; path = SwiftTermApp_UITests.swift; sourceTree = "<group>"; };
		490A187C26AA60980034B2BF /* HostConnectionError.swift */ = {isa = PBXFileReference; lastKnownFileType = sourcecode.swift; path = HostConnectionError.swift; sourceTree = "<group>"; };
		4911B3032463AD3E00816BAA /* GenerateKey.swift */ = {isa = PBXFileReference; lastKnownFileType = sourcecode.swift; path = GenerateKey.swift; sourceTree = "<group>"; };
		49148F98268AB0B0000AB718 /* InputKeyboard.swift */ = {isa = PBXFileReference; lastKnownFileType = sourcecode.swift; path = InputKeyboard.swift; sourceTree = "<group>"; };
		4923C56527319336000CC371 /* LocationTracking.swift */ = {isa = PBXFileReference; lastKnownFileType = sourcecode.swift; path = LocationTracking.swift; sourceTree = "<group>"; };
		493F4F2F27613F1B00838AC7 /* Session.swift */ = {isa = PBXFileReference; lastKnownFileType = sourcecode.swift; path = Session.swift; sourceTree = "<group>"; };
		493F4F3127650E7800838AC7 /* Errors.swift */ = {isa = PBXFileReference; lastKnownFileType = sourcecode.swift; path = Errors.swift; sourceTree = "<group>"; };
		493F4F33276511CE00838AC7 /* Channel.swift */ = {isa = PBXFileReference; lastKnownFileType = sourcecode.swift; path = Channel.swift; sourceTree = "<group>"; };
		49584D82248C3BEA0081D015 /* MetalHost.swift */ = {isa = PBXFileReference; lastKnownFileType = sourcecode.swift; path = MetalHost.swift; sourceTree = "<group>"; };
		49584D84248C3C500081D015 /* ShadersBase.metal */ = {isa = PBXFileReference; lastKnownFileType = sourcecode.metal; path = ShadersBase.metal; sourceTree = "<group>"; };
		49584D86248C3C7F0081D015 /* PlasmaGlobe.metal */ = {isa = PBXFileReference; lastKnownFileType = sourcecode.metal; path = PlasmaGlobe.metal; sourceTree = "<group>"; };
		49584D88248C3D570081D015 /* StarNest.metal */ = {isa = PBXFileReference; lastKnownFileType = sourcecode.metal; path = StarNest.metal; sourceTree = "<group>"; };
		49584D8A248C40270081D015 /* SwiftTermShaders.h */ = {isa = PBXFileReference; lastKnownFileType = sourcecode.c.h; path = SwiftTermShaders.h; sourceTree = "<group>"; };
		49584D8B248C41620081D015 /* MetalSwiftUI.swift */ = {isa = PBXFileReference; lastKnownFileType = sourcecode.swift; path = MetalSwiftUI.swift; sourceTree = "<group>"; };
		4967B9FB2459239700A9D2A6 /* Connections.swift */ = {isa = PBXFileReference; lastKnownFileType = sourcecode.swift; path = Connections.swift; sourceTree = "<group>"; };
		4967B9FD24592D0B00A9D2A6 /* SettingsView.swift */ = {isa = PBXFileReference; lastKnownFileType = sourcecode.swift; path = SettingsView.swift; sourceTree = "<group>"; };
		4967BA0124592D3600A9D2A6 /* SessionsView.swift */ = {isa = PBXFileReference; lastKnownFileType = sourcecode.swift; path = SessionsView.swift; sourceTree = "<group>"; };
		4967BA03245A7AF300A9D2A6 /* SshUtil.swift */ = {isa = PBXFileReference; lastKnownFileType = sourcecode.swift; path = SshUtil.swift; sourceTree = "<group>"; };
		4967BA06245A85F800A9D2A6 /* SwCrypt.swift */ = {isa = PBXFileReference; lastKnownFileType = sourcecode.swift; path = SwCrypt.swift; sourceTree = "<group>"; };
		497128C526656609005A2988 /* SwiftTermApp-Bridging-Header.h */ = {isa = PBXFileReference; lastKnownFileType = sourcecode.c.h; path = "SwiftTermApp-Bridging-Header.h"; sourceTree = "<group>"; };
		4973B42B24650B440087D978 /* UIViewController+SwiftUI.swift */ = {isa = PBXFileReference; lastKnownFileType = sourcecode.swift; path = "UIViewController+SwiftUI.swift"; sourceTree = "<group>"; };
		498DC727279A09FA003EC3CC /* LibsshKnownHost.swift */ = {isa = PBXFileReference; lastKnownFileType = sourcecode.swift; path = LibsshKnownHost.swift; sourceTree = "<group>"; };
		499D36A52656B747004E307F /* QuickLauch.swift */ = {isa = PBXFileReference; lastKnownFileType = sourcecode.swift; path = QuickLauch.swift; sourceTree = "<group>"; };
		499D36FC2658A093004E307F /* ConfigurableTerminal.swift */ = {isa = PBXFileReference; lastKnownFileType = sourcecode.swift; path = ConfigurableTerminal.swift; sourceTree = "<group>"; };
		499D8EB9268A690600CCEF9D /* ColumnSelector.swift */ = {isa = PBXFileReference; lastKnownFileType = sourcecode.swift; path = ColumnSelector.swift; sourceTree = "<group>"; };
		49A0A2BD2491C792002593F7 /* LazyView.swift */ = {isa = PBXFileReference; lastKnownFileType = sourcecode.swift; path = LazyView.swift; sourceTree = "<group>"; };
		49A0A2BF2491CDC4002593F7 /* InteractiveLogin.swift */ = {isa = PBXFileReference; lastKnownFileType = sourcecode.swift; path = InteractiveLogin.swift; sourceTree = "<group>"; };
		49A0A2C1249298BF002593F7 /* DigitalBrain.metal */ = {isa = PBXFileReference; lastKnownFileType = sourcecode.metal; path = DigitalBrain.metal; sourceTree = "<group>"; };
		49A4466026A3D76200A636DC /* Commands.swift */ = {isa = PBXFileReference; lastKnownFileType = sourcecode.swift; path = Commands.swift; sourceTree = "<group>"; };
		49A64C6026842A480069C7FA /* HostConnectionClosed.swift */ = {isa = PBXFileReference; lastKnownFileType = sourcecode.swift; path = HostConnectionClosed.swift; sourceTree = "<group>"; };
		49B84C512681215300B36066 /* es-419 */ = {isa = PBXFileReference; lastKnownFileType = text.plist.strings; name = "es-419"; path = "es-419.lproj/LaunchScreen.strings"; sourceTree = "<group>"; };
		49B84C52268137C700B36066 /* HostAuthUnknown.swift */ = {isa = PBXFileReference; lastKnownFileType = sourcecode.swift; path = HostAuthUnknown.swift; sourceTree = "<group>"; };
		49B84C5426813F9400B36066 /* HostAuthKeyMismatch.swift */ = {isa = PBXFileReference; lastKnownFileType = sourcecode.swift; path = HostAuthKeyMismatch.swift; sourceTree = "<group>"; };
		49BA359526751B2700B63510 /* GenerateSecureEnclave.swift */ = {isa = PBXFileReference; lastKnownFileType = sourcecode.swift; path = GenerateSecureEnclave.swift; sourceTree = "<group>"; };
		49BA35972676EEB600B63510 /* KeyTools.swift */ = {isa = PBXFileReference; lastKnownFileType = sourcecode.swift; path = KeyTools.swift; sourceTree = "<group>"; };
		49BA35992676EFD200B63510 /* CreateLocalKeyButtons.swift */ = {isa = PBXFileReference; lastKnownFileType = sourcecode.swift; path = CreateLocalKeyButtons.swift; sourceTree = "<group>"; };
		49BA359B2676F15D00B63510 /* KeySummaryView.swift */ = {isa = PBXFileReference; lastKnownFileType = sourcecode.swift; path = KeySummaryView.swift; sourceTree = "<group>"; };
		49BA35A12678471600B63510 /* Asn1Parser.swift */ = {isa = PBXFileReference; lastKnownFileType = sourcecode.swift; path = Asn1Parser.swift; sourceTree = "<group>"; };
		49BA35A3267847E100B63510 /* PEMtoSSH.swift */ = {isa = PBXFileReference; lastKnownFileType = sourcecode.swift; path = PEMtoSSH.swift; sourceTree = "<group>"; };
		49BA35A526784B6B00B63510 /* Passphrase.swift */ = {isa = PBXFileReference; lastKnownFileType = sourcecode.swift; path = Passphrase.swift; sourceTree = "<group>"; };
		49BA35E1267993E800B63510 /* DefaultHomeView.swift */ = {isa = PBXFileReference; lastKnownFileType = sourcecode.swift; path = DefaultHomeView.swift; sourceTree = "<group>"; };
		49BA35EC267BE7AB00B63510 /* HostKeysList.swift */ = {isa = PBXFileReference; lastKnownFileType = sourcecode.swift; path = HostKeysList.swift; sourceTree = "<group>"; };
		49BA35F0267C3F2600B63510 /* CreditsView.swift */ = {isa = PBXFileReference; lastKnownFileType = sourcecode.swift; path = CreditsView.swift; sourceTree = "<group>"; };
		49C1B6B4246260DC00D54F6F /* TerminalViewController.swift */ = {isa = PBXFileReference; lastKnownFileType = sourcecode.swift; path = TerminalViewController.swift; sourceTree = "<group>"; };
		49C1B6B62462611F00D54F6F /* SshTerminalView.swift */ = {isa = PBXFileReference; lastKnownFileType = sourcecode.swift; path = SshTerminalView.swift; sourceTree = "<group>"; };
		49C1B6BD24637DD500D54F6F /* ButtonColors.swift */ = {isa = PBXFileReference; lastKnownFileType = sourcecode.swift; path = ButtonColors.swift; sourceTree = "<group>"; };
		49EED55F245D0A0B00A8794E /* STButton.swift */ = {isa = PBXFileReference; lastKnownFileType = sourcecode.swift; path = STButton.swift; sourceTree = "<group>"; };
		49F02ADE24610D7A00CFEB50 /* STFilePicker.swift */ = {isa = PBXFileReference; lastKnownFileType = sourcecode.swift; path = STFilePicker.swift; sourceTree = "<group>"; };
		49F0740B2481B3ED00A83CDC /* ColorLoader.swift */ = {isa = PBXFileReference; lastKnownFileType = sourcecode.swift; path = ColorLoader.swift; sourceTree = "<group>"; };
		49F0740F24834B9D00A83CDC /* AppTerminalView.swift */ = {isa = PBXFileReference; lastKnownFileType = sourcecode.swift; path = AppTerminalView.swift; sourceTree = "<group>"; };
/* End PBXFileReference section */

/* Begin PBXFrameworksBuildPhase section */
		4901166F24553789002C1F85 /* Frameworks */ = {
			isa = PBXFrameworksBuildPhase;
			buildActionMask = 2147483647;
			files = (
				491769B62666BE8000D32353 /* SwiftSH in Frameworks */,
				49C1B6AF24625C7D00D54F6F /* SwiftTerm in Frameworks */,
				4922DDAF26632E4600B7D2BE /* CSwiftSH in Frameworks */,
			);
			runOnlyForDeploymentPostprocessing = 0;
		};
		490A186F26A7BE190034B2BF /* Frameworks */ = {
			isa = PBXFrameworksBuildPhase;
			buildActionMask = 2147483647;
			files = (
			);
			runOnlyForDeploymentPostprocessing = 0;
		};
/* End PBXFrameworksBuildPhase section */

/* Begin PBXGroup section */
		4901166924553789002C1F85 = {
			isa = PBXGroup;
			children = (
				4901167424553789002C1F85 /* SwiftTermApp */,
				490A187326A7BE190034B2BF /* SwiftTermApp.UITests */,
				4901167324553789002C1F85 /* Products */,
				49C1B6B8246263F100D54F6F /* Frameworks */,
			);
			sourceTree = "<group>";
		};
		4901167324553789002C1F85 /* Products */ = {
			isa = PBXGroup;
			children = (
				4901167224553789002C1F85 /* SwiftTermApp.app */,
				490A187226A7BE190034B2BF /* SwiftTermApp.UITests.xctest */,
			);
			name = Products;
			sourceTree = "<group>";
		};
		4901167424553789002C1F85 /* SwiftTermApp */ = {
			isa = PBXGroup;
			children = (
				493F4F2E27613F0F00838AC7 /* Ssh */,
				4923C56427319327000CC371 /* Location */,
				49BA35EB267BE79A00B63510 /* HostKeys */,
				49BA35DE267991B800B63510 /* Home */,
				49B84C5626818C4700B36066 /* Extensions */,
				49BA359F267846DE00B63510 /* External */,
				49584D81248C3BD80081D015 /* Metal */,
				49F0740A2481B3D100A83CDC /* Settings */,
				49F073E7247B6B5E00A83CDC /* Sessions */,
				49C1B6B3246260C000D54F6F /* Terminal */,
				49C216C4245D102600280B6A /* Keys */,
				49C216C3245D101200280B6A /* Hosts */,
				49B2473F245D09A50075F01B /* UIs */,
				4901167524553789002C1F85 /* AppDelegate.swift */,
				49A4466026A3D76200A636DC /* Commands.swift */,
				4901167B2455378A002C1F85 /* Assets.xcassets */,
				490116802455378A002C1F85 /* LaunchScreen.storyboard */,
				490116832455378A002C1F85 /* Info.plist */,
				4901167D2455378A002C1F85 /* Preview Content */,
				49011691245622C6002C1F85 /* DataStore.swift */,
				4967B9FB2459239700A9D2A6 /* Connections.swift */,
				499D36A52656B747004E307F /* QuickLauch.swift */,
				497128C526656609005A2988 /* SwiftTermApp-Bridging-Header.h */,
			);
			path = SwiftTermApp;
			sourceTree = "<group>";
		};
		4901167D2455378A002C1F85 /* Preview Content */ = {
			isa = PBXGroup;
			children = (
				4901167E2455378A002C1F85 /* Preview Assets.xcassets */,
			);
			path = "Preview Content";
			sourceTree = "<group>";
		};
		490A187326A7BE190034B2BF /* SwiftTermApp.UITests */ = {
			isa = PBXGroup;
			children = (
				490A187426A7BE190034B2BF /* SwiftTermApp_UITests.swift */,
			);
			path = SwiftTermApp.UITests;
			sourceTree = "<group>";
		};
		4923C56427319327000CC371 /* Location */ = {
			isa = PBXGroup;
			children = (
				4923C56527319336000CC371 /* LocationTracking.swift */,
			);
			path = Location;
			sourceTree = "<group>";
		};
		493F4F2E27613F0F00838AC7 /* Ssh */ = {
			isa = PBXGroup;
			children = (
				493F4F2F27613F1B00838AC7 /* Session.swift */,
				493F4F3127650E7800838AC7 /* Errors.swift */,
				493F4F33276511CE00838AC7 /* Channel.swift */,
				498DC727279A09FA003EC3CC /* LibsshKnownHost.swift */,
			);
			path = Ssh;
			sourceTree = "<group>";
		};
		49584D81248C3BD80081D015 /* Metal */ = {
			isa = PBXGroup;
			children = (
				49584D82248C3BEA0081D015 /* MetalHost.swift */,
				49584D84248C3C500081D015 /* ShadersBase.metal */,
				49584D86248C3C7F0081D015 /* PlasmaGlobe.metal */,
				49584D88248C3D570081D015 /* StarNest.metal */,
				49584D8A248C40270081D015 /* SwiftTermShaders.h */,
				49584D8B248C41620081D015 /* MetalSwiftUI.swift */,
				49A0A2C1249298BF002593F7 /* DigitalBrain.metal */,
			);
			path = Metal;
			sourceTree = "<group>";
		};
		4967BA05245A85E200A9D2A6 /* SwCrypt */ = {
			isa = PBXGroup;
			children = (
				4967BA06245A85F800A9D2A6 /* SwCrypt.swift */,
			);
			path = SwCrypt;
			sourceTree = "<group>";
		};
		49A64C5F26842A1B0069C7FA /* ConnectionUI */ = {
			isa = PBXGroup;
			children = (
				49B84C52268137C700B36066 /* HostAuthUnknown.swift */,
				49B84C5426813F9400B36066 /* HostAuthKeyMismatch.swift */,
				49A64C6026842A480069C7FA /* HostConnectionClosed.swift */,
				490A187C26AA60980034B2BF /* HostConnectionError.swift */,
			);
			path = ConnectionUI;
			sourceTree = "<group>";
		};
		49B2473F245D09A50075F01B /* UIs */ = {
			isa = PBXGroup;
			children = (
				49A64C5F26842A1B0069C7FA /* ConnectionUI */,
				49F02ADE24610D7A00CFEB50 /* STFilePicker.swift */,
				49EED55F245D0A0B00A8794E /* STButton.swift */,
				49C1B6BD24637DD500D54F6F /* ButtonColors.swift */,
				4973B42B24650B440087D978 /* UIViewController+SwiftUI.swift */,
				49A0A2BD2491C792002593F7 /* LazyView.swift */,
				49A0A2BF2491CDC4002593F7 /* InteractiveLogin.swift */,
				49BA35A526784B6B00B63510 /* Passphrase.swift */,
			);
			path = UIs;
			sourceTree = "<group>";
		};
		49B84C5626818C4700B36066 /* Extensions */ = {
			isa = PBXGroup;
			children = (
			);
			path = Extensions;
			sourceTree = "<group>";
		};
		49BA359F267846DE00B63510 /* External */ = {
			isa = PBXGroup;
			children = (
				49BA35A0267846ED00B63510 /* SwiftyRSA */,
				4967BA05245A85E200A9D2A6 /* SwCrypt */,
			);
			path = External;
			sourceTree = "<group>";
		};
		49BA35A0267846ED00B63510 /* SwiftyRSA */ = {
			isa = PBXGroup;
			children = (
				49BA35A12678471600B63510 /* Asn1Parser.swift */,
				49BA35A3267847E100B63510 /* PEMtoSSH.swift */,
			);
			path = SwiftyRSA;
			sourceTree = "<group>";
		};
		49BA35DE267991B800B63510 /* Home */ = {
			isa = PBXGroup;
			children = (
				4901167924553789002C1F85 /* Home.swift */,
				49BA35E1267993E800B63510 /* DefaultHomeView.swift */,
				49BA35F0267C3F2600B63510 /* CreditsView.swift */,
			);
			path = Home;
			sourceTree = "<group>";
		};
		49BA35EB267BE79A00B63510 /* HostKeys */ = {
			isa = PBXGroup;
			children = (
				49BA35EC267BE7AB00B63510 /* HostKeysList.swift */,
			);
			path = HostKeys;
			sourceTree = "<group>";
		};
		49C1B6B3246260C000D54F6F /* Terminal */ = {
			isa = PBXGroup;
			children = (
				49F0740F24834B9D00A83CDC /* AppTerminalView.swift */,
				49C1B6B62462611F00D54F6F /* SshTerminalView.swift */,
				49C1B6B4246260DC00D54F6F /* TerminalViewController.swift */,
				499D36FC2658A093004E307F /* ConfigurableTerminal.swift */,
				49148F98268AB0B0000AB718 /* InputKeyboard.swift */,
			);
			path = Terminal;
			sourceTree = "<group>";
		};
		49C1B6B8246263F100D54F6F /* Frameworks */ = {
			isa = PBXGroup;
			children = (
			);
			name = Frameworks;
			sourceTree = "<group>";
		};
		49C216C3245D101200280B6A /* Hosts */ = {
			isa = PBXGroup;
			children = (
				49011689245540F2002C1F85 /* HostEditView.swift */,
				4901168F245607F7002C1F85 /* Hosts.swift */,
			);
			path = Hosts;
			sourceTree = "<group>";
		};
		49C216C4245D102600280B6A /* Keys */ = {
			isa = PBXGroup;
			children = (
				4901168B24554A51002C1F85 /* AddKeyManually.swift */,
				49BA35992676EFD200B63510 /* CreateLocalKeyButtons.swift */,
				4911B3032463AD3E00816BAA /* GenerateKey.swift */,
				49BA359526751B2700B63510 /* GenerateSecureEnclave.swift */,
				4901168D2456058B002C1F85 /* KeyManagementView.swift */,
				49BA359B2676F15D00B63510 /* KeySummaryView.swift */,
				49BA35972676EEB600B63510 /* KeyTools.swift */,
				4967BA03245A7AF300A9D2A6 /* SshUtil.swift */,
			);
			path = Keys;
			sourceTree = "<group>";
		};
		49F073E7247B6B5E00A83CDC /* Sessions */ = {
			isa = PBXGroup;
			children = (
				4967BA0124592D3600A9D2A6 /* SessionsView.swift */,
			);
			path = Sessions;
			sourceTree = "<group>";
		};
		49F0740A2481B3D100A83CDC /* Settings */ = {
			isa = PBXGroup;
			children = (
				4967B9FD24592D0B00A9D2A6 /* SettingsView.swift */,
				49F0740B2481B3ED00A83CDC /* ColorLoader.swift */,
				499D8EB9268A690600CCEF9D /* ColumnSelector.swift */,
			);
			path = Settings;
			sourceTree = "<group>";
		};
/* End PBXGroup section */

/* Begin PBXNativeTarget section */
		4901167124553789002C1F85 /* SwiftTermApp */ = {
			isa = PBXNativeTarget;
			buildConfigurationList = 490116862455378A002C1F85 /* Build configuration list for PBXNativeTarget "SwiftTermApp" */;
			buildPhases = (
				4901166E24553789002C1F85 /* Sources */,
				4901166F24553789002C1F85 /* Frameworks */,
				4901167024553789002C1F85 /* Resources */,
			);
			buildRules = (
			);
			dependencies = (
			);
			name = SwiftTermApp;
			packageProductDependencies = (
				49C1B6AE24625C7D00D54F6F /* SwiftTerm */,
				4922DDAE26632E4600B7D2BE /* CSwiftSH */,
				491769B52666BE8000D32353 /* SwiftSH */,
			);
			productName = testMasterDetail;
			productReference = 4901167224553789002C1F85 /* SwiftTermApp.app */;
			productType = "com.apple.product-type.application";
		};
		490A187126A7BE190034B2BF /* SwiftTermApp.UITests */ = {
			isa = PBXNativeTarget;
			buildConfigurationList = 490A187826A7BE190034B2BF /* Build configuration list for PBXNativeTarget "SwiftTermApp.UITests" */;
			buildPhases = (
				490A186E26A7BE190034B2BF /* Sources */,
				490A186F26A7BE190034B2BF /* Frameworks */,
				490A187026A7BE190034B2BF /* Resources */,
			);
			buildRules = (
			);
			dependencies = (
				490A187726A7BE190034B2BF /* PBXTargetDependency */,
			);
			name = SwiftTermApp.UITests;
			productName = SwiftTermApp.UITests;
			productReference = 490A187226A7BE190034B2BF /* SwiftTermApp.UITests.xctest */;
			productType = "com.apple.product-type.bundle.ui-testing";
		};
/* End PBXNativeTarget section */

/* Begin PBXProject section */
		4901166A24553789002C1F85 /* Project object */ = {
			isa = PBXProject;
			attributes = {
				LastSwiftUpdateCheck = 1300;
				LastUpgradeCheck = 1240;
				ORGANIZATIONNAME = "Miguel de Icaza";
				TargetAttributes = {
					4901167124553789002C1F85 = {
						CreatedOnToolsVersion = 11.4.1;
					};
					490A187126A7BE190034B2BF = {
						CreatedOnToolsVersion = 13.0;
						TestTargetID = 4901167124553789002C1F85;
					};
				};
			};
			buildConfigurationList = 4901166D24553789002C1F85 /* Build configuration list for PBXProject "SwiftTermApp" */;
			compatibilityVersion = "Xcode 9.3";
			developmentRegion = en;
			hasScannedForEncodings = 0;
			knownRegions = (
				en,
				Base,
				"es-419",
			);
			mainGroup = 4901166924553789002C1F85;
			packageReferences = (
				49C1B6AD24625C7D00D54F6F /* XCRemoteSwiftPackageReference "SwiftTerm" */,
				4922DDAD26632E4600B7D2BE /* XCRemoteSwiftPackageReference "SwiftSH" */,
			);
			productRefGroup = 4901167324553789002C1F85 /* Products */;
			projectDirPath = "";
			projectRoot = "";
			targets = (
				4901167124553789002C1F85 /* SwiftTermApp */,
				490A187126A7BE190034B2BF /* SwiftTermApp.UITests */,
			);
		};
/* End PBXProject section */

/* Begin PBXResourcesBuildPhase section */
		4901167024553789002C1F85 /* Resources */ = {
			isa = PBXResourcesBuildPhase;
			buildActionMask = 2147483647;
			files = (
				490116822455378A002C1F85 /* LaunchScreen.storyboard in Resources */,
				4901167F2455378A002C1F85 /* Preview Assets.xcassets in Resources */,
				4901167C2455378A002C1F85 /* Assets.xcassets in Resources */,
			);
			runOnlyForDeploymentPostprocessing = 0;
		};
		490A187026A7BE190034B2BF /* Resources */ = {
			isa = PBXResourcesBuildPhase;
			buildActionMask = 2147483647;
			files = (
			);
			runOnlyForDeploymentPostprocessing = 0;
		};
/* End PBXResourcesBuildPhase section */

/* Begin PBXSourcesBuildPhase section */
		4901166E24553789002C1F85 /* Sources */ = {
			isa = PBXSourcesBuildPhase;
			buildActionMask = 2147483647;
			files = (
				49584D85248C3C500081D015 /* ShadersBase.metal in Sources */,
				49BA35E2267993E800B63510 /* DefaultHomeView.swift in Sources */,
				4901168A245540F2002C1F85 /* HostEditView.swift in Sources */,
				49584D83248C3BEA0081D015 /* MetalHost.swift in Sources */,
				49BA35A626784B6B00B63510 /* Passphrase.swift in Sources */,
				49C1B6BE24637DD500D54F6F /* ButtonColors.swift in Sources */,
				49C1B6B5246260DC00D54F6F /* TerminalViewController.swift in Sources */,
				49A4466126A3D76200A636DC /* Commands.swift in Sources */,
				49EED560245D0A0B00A8794E /* STButton.swift in Sources */,
				49BA359626751B2700B63510 /* GenerateSecureEnclave.swift in Sources */,
				493F4F3027613F1B00838AC7 /* Session.swift in Sources */,
				49BA35A4267847E100B63510 /* PEMtoSSH.swift in Sources */,
				4967BA04245A7AF300A9D2A6 /* SshUtil.swift in Sources */,
				493F4F3227650E7800838AC7 /* Errors.swift in Sources */,
				49584D89248C3D570081D015 /* StarNest.metal in Sources */,
				49C1B6B72462611F00D54F6F /* SshTerminalView.swift in Sources */,
				49A64C6126842A480069C7FA /* HostConnectionClosed.swift in Sources */,
				49011692245622C6002C1F85 /* DataStore.swift in Sources */,
				49BA35A22678471600B63510 /* Asn1Parser.swift in Sources */,
				4901168C24554A51002C1F85 /* AddKeyManually.swift in Sources */,
				49B84C53268137C700B36066 /* HostAuthUnknown.swift in Sources */,
				4901167624553789002C1F85 /* AppDelegate.swift in Sources */,
				4967B9FC2459239700A9D2A6 /* Connections.swift in Sources */,
				4967B9FE24592D0B00A9D2A6 /* SettingsView.swift in Sources */,
				49BA35ED267BE7AB00B63510 /* HostKeysList.swift in Sources */,
				4967BA0224592D3600A9D2A6 /* SessionsView.swift in Sources */,
				49BA35F1267C3F2600B63510 /* CreditsView.swift in Sources */,
				498DC728279A09FA003EC3CC /* LibsshKnownHost.swift in Sources */,
				4973B42C24650B440087D978 /* UIViewController+SwiftUI.swift in Sources */,
				49BA359C2676F15D00B63510 /* KeySummaryView.swift in Sources */,
				493F4F34276511CE00838AC7 /* Channel.swift in Sources */,
				4901168E2456058B002C1F85 /* KeyManagementView.swift in Sources */,
				49148F99268AB0B0000AB718 /* InputKeyboard.swift in Sources */,
				49BA35982676EEB600B63510 /* KeyTools.swift in Sources */,
				49BA359A2676EFD200B63510 /* CreateLocalKeyButtons.swift in Sources */,
				49A0A2C2249298BF002593F7 /* DigitalBrain.metal in Sources */,
				49584D87248C3C7F0081D015 /* PlasmaGlobe.metal in Sources */,
				49584D8C248C41620081D015 /* MetalSwiftUI.swift in Sources */,
				49A0A2BE2491C792002593F7 /* LazyView.swift in Sources */,
				49F02ADF24610D7A00CFEB50 /* STFilePicker.swift in Sources */,
				49A0A2C02491CDC4002593F7 /* InteractiveLogin.swift in Sources */,
				49B84C5526813F9400B36066 /* HostAuthKeyMismatch.swift in Sources */,
				4923C56627319336000CC371 /* LocationTracking.swift in Sources */,
				49011690245607F7002C1F85 /* Hosts.swift in Sources */,
				4911B3042463AD3E00816BAA /* GenerateKey.swift in Sources */,
				49F0741024834B9D00A83CDC /* AppTerminalView.swift in Sources */,
				49F0740C2481B3ED00A83CDC /* ColorLoader.swift in Sources */,
				4901167A24553789002C1F85 /* Home.swift in Sources */,
				499D8EBA268A690600CCEF9D /* ColumnSelector.swift in Sources */,
				490A187D26AA60980034B2BF /* HostConnectionError.swift in Sources */,
				4967BA07245A85F800A9D2A6 /* SwCrypt.swift in Sources */,
				499D36FD2658A093004E307F /* ConfigurableTerminal.swift in Sources */,
				499D36A62656B747004E307F /* QuickLauch.swift in Sources */,
			);
			runOnlyForDeploymentPostprocessing = 0;
		};
		490A186E26A7BE190034B2BF /* Sources */ = {
			isa = PBXSourcesBuildPhase;
			buildActionMask = 2147483647;
			files = (
				490A187526A7BE190034B2BF /* SwiftTermApp_UITests.swift in Sources */,
			);
			runOnlyForDeploymentPostprocessing = 0;
		};
/* End PBXSourcesBuildPhase section */

/* Begin PBXTargetDependency section */
		490A187726A7BE190034B2BF /* PBXTargetDependency */ = {
			isa = PBXTargetDependency;
			target = 4901167124553789002C1F85 /* SwiftTermApp */;
			targetProxy = 490A187626A7BE190034B2BF /* PBXContainerItemProxy */;
		};
/* End PBXTargetDependency section */

/* Begin PBXVariantGroup section */
		490116802455378A002C1F85 /* LaunchScreen.storyboard */ = {
			isa = PBXVariantGroup;
			children = (
				490116812455378A002C1F85 /* Base */,
				49B84C512681215300B36066 /* es-419 */,
			);
			name = LaunchScreen.storyboard;
			sourceTree = "<group>";
		};
/* End PBXVariantGroup section */

/* Begin XCBuildConfiguration section */
		490116842455378A002C1F85 /* Debug */ = {
			isa = XCBuildConfiguration;
			buildSettings = {
				ALWAYS_SEARCH_USER_PATHS = NO;
				CLANG_ANALYZER_LOCALIZABILITY_NONLOCALIZED = YES;
				CLANG_ANALYZER_NONNULL = YES;
				CLANG_ANALYZER_NUMBER_OBJECT_CONVERSION = YES_AGGRESSIVE;
				CLANG_CXX_LANGUAGE_STANDARD = "gnu++14";
				CLANG_CXX_LIBRARY = "libc++";
				CLANG_ENABLE_MODULES = YES;
				CLANG_ENABLE_OBJC_ARC = YES;
				CLANG_ENABLE_OBJC_WEAK = YES;
				CLANG_WARN_BLOCK_CAPTURE_AUTORELEASING = YES;
				CLANG_WARN_BOOL_CONVERSION = YES;
				CLANG_WARN_COMMA = YES;
				CLANG_WARN_CONSTANT_CONVERSION = YES;
				CLANG_WARN_DEPRECATED_OBJC_IMPLEMENTATIONS = YES;
				CLANG_WARN_DIRECT_OBJC_ISA_USAGE = YES_ERROR;
				CLANG_WARN_DOCUMENTATION_COMMENTS = YES;
				CLANG_WARN_EMPTY_BODY = YES;
				CLANG_WARN_ENUM_CONVERSION = YES;
				CLANG_WARN_INFINITE_RECURSION = YES;
				CLANG_WARN_INT_CONVERSION = YES;
				CLANG_WARN_NON_LITERAL_NULL_CONVERSION = YES;
				CLANG_WARN_OBJC_IMPLICIT_RETAIN_SELF = YES;
				CLANG_WARN_OBJC_LITERAL_CONVERSION = YES;
				CLANG_WARN_OBJC_ROOT_CLASS = YES_ERROR;
				CLANG_WARN_QUOTED_INCLUDE_IN_FRAMEWORK_HEADER = YES;
				CLANG_WARN_RANGE_LOOP_ANALYSIS = YES;
				CLANG_WARN_STRICT_PROTOTYPES = YES;
				CLANG_WARN_SUSPICIOUS_MOVE = YES;
				CLANG_WARN_UNGUARDED_AVAILABILITY = YES_AGGRESSIVE;
				CLANG_WARN_UNREACHABLE_CODE = YES;
				CLANG_WARN__DUPLICATE_METHOD_MATCH = YES;
				COPY_PHASE_STRIP = NO;
				DEBUG_INFORMATION_FORMAT = dwarf;
				ENABLE_BITCODE = NO;
				ENABLE_STRICT_OBJC_MSGSEND = YES;
				ENABLE_TESTABILITY = YES;
				GCC_C_LANGUAGE_STANDARD = gnu11;
				GCC_DYNAMIC_NO_PIC = NO;
				GCC_NO_COMMON_BLOCKS = YES;
				GCC_OPTIMIZATION_LEVEL = 0;
				GCC_PREPROCESSOR_DEFINITIONS = (
					"DEBUG=1",
					"$(inherited)",
				);
				GCC_WARN_64_TO_32_BIT_CONVERSION = YES;
				GCC_WARN_ABOUT_RETURN_TYPE = YES_ERROR;
				GCC_WARN_UNDECLARED_SELECTOR = YES;
				GCC_WARN_UNINITIALIZED_AUTOS = YES_AGGRESSIVE;
				GCC_WARN_UNUSED_FUNCTION = YES;
				GCC_WARN_UNUSED_VARIABLE = YES;
				IPHONEOS_DEPLOYMENT_TARGET = 14.7;
				MTL_ENABLE_DEBUG_INFO = INCLUDE_SOURCE;
				MTL_FAST_MATH = YES;
				ONLY_ACTIVE_ARCH = YES;
				SDKROOT = iphoneos;
				SWIFT_ACTIVE_COMPILATION_CONDITIONS = DEBUG;
				SWIFT_OBJC_BRIDGING_HEADER = "SwiftTermApp/SwiftTermApp-Bridging-Header.h";
				SWIFT_OPTIMIZATION_LEVEL = "-Onone";
			};
			name = Debug;
		};
		490116852455378A002C1F85 /* Release */ = {
			isa = XCBuildConfiguration;
			buildSettings = {
				ALWAYS_SEARCH_USER_PATHS = NO;
				CLANG_ANALYZER_LOCALIZABILITY_NONLOCALIZED = YES;
				CLANG_ANALYZER_NONNULL = YES;
				CLANG_ANALYZER_NUMBER_OBJECT_CONVERSION = YES_AGGRESSIVE;
				CLANG_CXX_LANGUAGE_STANDARD = "gnu++14";
				CLANG_CXX_LIBRARY = "libc++";
				CLANG_ENABLE_MODULES = YES;
				CLANG_ENABLE_OBJC_ARC = YES;
				CLANG_ENABLE_OBJC_WEAK = YES;
				CLANG_WARN_BLOCK_CAPTURE_AUTORELEASING = YES;
				CLANG_WARN_BOOL_CONVERSION = YES;
				CLANG_WARN_COMMA = YES;
				CLANG_WARN_CONSTANT_CONVERSION = YES;
				CLANG_WARN_DEPRECATED_OBJC_IMPLEMENTATIONS = YES;
				CLANG_WARN_DIRECT_OBJC_ISA_USAGE = YES_ERROR;
				CLANG_WARN_DOCUMENTATION_COMMENTS = YES;
				CLANG_WARN_EMPTY_BODY = YES;
				CLANG_WARN_ENUM_CONVERSION = YES;
				CLANG_WARN_INFINITE_RECURSION = YES;
				CLANG_WARN_INT_CONVERSION = YES;
				CLANG_WARN_NON_LITERAL_NULL_CONVERSION = YES;
				CLANG_WARN_OBJC_IMPLICIT_RETAIN_SELF = YES;
				CLANG_WARN_OBJC_LITERAL_CONVERSION = YES;
				CLANG_WARN_OBJC_ROOT_CLASS = YES_ERROR;
				CLANG_WARN_QUOTED_INCLUDE_IN_FRAMEWORK_HEADER = YES;
				CLANG_WARN_RANGE_LOOP_ANALYSIS = YES;
				CLANG_WARN_STRICT_PROTOTYPES = YES;
				CLANG_WARN_SUSPICIOUS_MOVE = YES;
				CLANG_WARN_UNGUARDED_AVAILABILITY = YES_AGGRESSIVE;
				CLANG_WARN_UNREACHABLE_CODE = YES;
				CLANG_WARN__DUPLICATE_METHOD_MATCH = YES;
				COPY_PHASE_STRIP = NO;
				DEBUG_INFORMATION_FORMAT = "dwarf-with-dsym";
				ENABLE_BITCODE = NO;
				ENABLE_NS_ASSERTIONS = NO;
				ENABLE_STRICT_OBJC_MSGSEND = YES;
				GCC_C_LANGUAGE_STANDARD = gnu11;
				GCC_NO_COMMON_BLOCKS = YES;
				GCC_WARN_64_TO_32_BIT_CONVERSION = YES;
				GCC_WARN_ABOUT_RETURN_TYPE = YES_ERROR;
				GCC_WARN_UNDECLARED_SELECTOR = YES;
				GCC_WARN_UNINITIALIZED_AUTOS = YES_AGGRESSIVE;
				GCC_WARN_UNUSED_FUNCTION = YES;
				GCC_WARN_UNUSED_VARIABLE = YES;
				IPHONEOS_DEPLOYMENT_TARGET = 14.7;
				MTL_ENABLE_DEBUG_INFO = NO;
				MTL_FAST_MATH = YES;
				SDKROOT = iphoneos;
				SWIFT_COMPILATION_MODE = wholemodule;
				SWIFT_OBJC_BRIDGING_HEADER = "SwiftTermApp/SwiftTermApp-Bridging-Header.h";
				SWIFT_OPTIMIZATION_LEVEL = "-O";
				VALIDATE_PRODUCT = YES;
			};
			name = Release;
		};
		490116872455378A002C1F85 /* Debug */ = {
			isa = XCBuildConfiguration;
			buildSettings = {
				APPLICATION_EXTENSION_API_ONLY = NO;
				ASSETCATALOG_COMPILER_APPICON_NAME = AppIcon;
				CODE_SIGN_STYLE = Automatic;
				DEVELOPMENT_ASSET_PATHS = "\"SwiftTermApp/Preview Content\"";
				DEVELOPMENT_TEAM = PJQC57N853;
				ENABLE_PREVIEWS = YES;
				FRAMEWORK_SEARCH_PATHS = "$(inherited)";
				HEADER_SEARCH_PATHS = "";
				INFOPLIST_FILE = SwiftTermApp/Info.plist;
				IPHONEOS_DEPLOYMENT_TARGET = 15.0;
				LD_RUNPATH_SEARCH_PATHS = (
					"$(inherited)",
					"@executable_path/Frameworks",
				);
				LIBRARY_SEARCH_PATHS = "";
				PRODUCT_BUNDLE_IDENTIFIER = org.tirania.SwiftTermAppX;
				PRODUCT_NAME = "$(TARGET_NAME)";
				SWIFT_VERSION = 5.0;
				TARGETED_DEVICE_FAMILY = "1,2";
			};
			name = Debug;
		};
		490116882455378A002C1F85 /* Release */ = {
			isa = XCBuildConfiguration;
			buildSettings = {
				APPLICATION_EXTENSION_API_ONLY = NO;
				ASSETCATALOG_COMPILER_APPICON_NAME = AppIcon;
				CODE_SIGN_STYLE = Automatic;
				DEVELOPMENT_ASSET_PATHS = "\"SwiftTermApp/Preview Content\"";
				DEVELOPMENT_TEAM = PJQC57N853;
				ENABLE_PREVIEWS = YES;
				FRAMEWORK_SEARCH_PATHS = "$(inherited)";
				HEADER_SEARCH_PATHS = "";
				INFOPLIST_FILE = SwiftTermApp/Info.plist;
				IPHONEOS_DEPLOYMENT_TARGET = 15.0;
				LD_RUNPATH_SEARCH_PATHS = (
					"$(inherited)",
					"@executable_path/Frameworks",
				);
				LIBRARY_SEARCH_PATHS = "";
				PRODUCT_BUNDLE_IDENTIFIER = org.tirania.SwiftTermAppX;
				PRODUCT_NAME = "$(TARGET_NAME)";
				SWIFT_VERSION = 5.0;
				TARGETED_DEVICE_FAMILY = "1,2";
			};
			name = Release;
		};
		490A187926A7BE190034B2BF /* Debug */ = {
			isa = XCBuildConfiguration;
			buildSettings = {
				CLANG_CXX_LANGUAGE_STANDARD = "gnu++17";
				CODE_SIGN_STYLE = Automatic;
				CURRENT_PROJECT_VERSION = 1;
				GENERATE_INFOPLIST_FILE = YES;
				IPHONEOS_DEPLOYMENT_TARGET = 15.0;
				LD_RUNPATH_SEARCH_PATHS = (
					"$(inherited)",
					"@executable_path/Frameworks",
					"@loader_path/Frameworks",
				);
				MARKETING_VERSION = 1.0;
				PRODUCT_BUNDLE_IDENTIFIER = "org.tirania.SwiftTermApp-UITests";
				PRODUCT_NAME = "$(TARGET_NAME)";
				SWIFT_EMIT_LOC_STRINGS = NO;
				SWIFT_VERSION = 5.0;
				TARGETED_DEVICE_FAMILY = "1,2";
				TEST_TARGET_NAME = SwiftTermApp;
			};
			name = Debug;
		};
		490A187A26A7BE190034B2BF /* Release */ = {
			isa = XCBuildConfiguration;
			buildSettings = {
				CLANG_CXX_LANGUAGE_STANDARD = "gnu++17";
				CODE_SIGN_STYLE = Automatic;
				CURRENT_PROJECT_VERSION = 1;
				GENERATE_INFOPLIST_FILE = YES;
				IPHONEOS_DEPLOYMENT_TARGET = 15.0;
				LD_RUNPATH_SEARCH_PATHS = (
					"$(inherited)",
					"@executable_path/Frameworks",
					"@loader_path/Frameworks",
				);
				MARKETING_VERSION = 1.0;
				PRODUCT_BUNDLE_IDENTIFIER = "org.tirania.SwiftTermApp-UITests";
				PRODUCT_NAME = "$(TARGET_NAME)";
				SWIFT_EMIT_LOC_STRINGS = NO;
				SWIFT_VERSION = 5.0;
				TARGETED_DEVICE_FAMILY = "1,2";
				TEST_TARGET_NAME = SwiftTermApp;
			};
			name = Release;
		};
/* End XCBuildConfiguration section */

/* Begin XCConfigurationList section */
		4901166D24553789002C1F85 /* Build configuration list for PBXProject "SwiftTermApp" */ = {
			isa = XCConfigurationList;
			buildConfigurations = (
				490116842455378A002C1F85 /* Debug */,
				490116852455378A002C1F85 /* Release */,
			);
			defaultConfigurationIsVisible = 0;
			defaultConfigurationName = Release;
		};
		490116862455378A002C1F85 /* Build configuration list for PBXNativeTarget "SwiftTermApp" */ = {
			isa = XCConfigurationList;
			buildConfigurations = (
				490116872455378A002C1F85 /* Debug */,
				490116882455378A002C1F85 /* Release */,
			);
			defaultConfigurationIsVisible = 0;
			defaultConfigurationName = Release;
		};
		490A187826A7BE190034B2BF /* Build configuration list for PBXNativeTarget "SwiftTermApp.UITests" */ = {
			isa = XCConfigurationList;
			buildConfigurations = (
				490A187926A7BE190034B2BF /* Debug */,
				490A187A26A7BE190034B2BF /* Release */,
			);
			defaultConfigurationIsVisible = 0;
			defaultConfigurationName = Release;
		};
/* End XCConfigurationList section */

/* Begin XCRemoteSwiftPackageReference section */
		4922DDAD26632E4600B7D2BE /* XCRemoteSwiftPackageReference "SwiftSH" */ = {
			isa = XCRemoteSwiftPackageReference;
			repositoryURL = "https://github.com/migueldeicaza/SwiftSH";
			requirement = {
				branch = master;
				kind = branch;
			};
		};
		49C1B6AD24625C7D00D54F6F /* XCRemoteSwiftPackageReference "SwiftTerm" */ = {
			isa = XCRemoteSwiftPackageReference;
			repositoryURL = "https://github.com/migueldeicaza/SwiftTerm.git";
			requirement = {
				branch = main;
				kind = branch;
			};
		};
/* End XCRemoteSwiftPackageReference section */

/* Begin XCSwiftPackageProductDependency section */
		491769B52666BE8000D32353 /* SwiftSH */ = {
			isa = XCSwiftPackageProductDependency;
			package = 4922DDAD26632E4600B7D2BE /* XCRemoteSwiftPackageReference "SwiftSH" */;
			productName = SwiftSH;
		};
		4922DDAE26632E4600B7D2BE /* CSwiftSH */ = {
			isa = XCSwiftPackageProductDependency;
			package = 4922DDAD26632E4600B7D2BE /* XCRemoteSwiftPackageReference "SwiftSH" */;
			productName = CSwiftSH;
		};
		49C1B6AE24625C7D00D54F6F /* SwiftTerm */ = {
			isa = XCSwiftPackageProductDependency;
			package = 49C1B6AD24625C7D00D54F6F /* XCRemoteSwiftPackageReference "SwiftTerm" */;
			productName = SwiftTerm;
		};
/* End XCSwiftPackageProductDependency section */
	};
	rootObject = 4901166A24553789002C1F85 /* Project object */;
}
